// !$*UTF8*$!
{
	archiveVersion = 1;
	classes = {
	};
	objectVersion = 50;
	objects = {

/* Begin PBXBuildFile section */
		3D556A764BCFA13F7298907E /* Pods_FileImportApp_FileImportAppUITests.framework in Frameworks */ = {isa = PBXBuildFile; fileRef = 1BB6F440D6DF6C7DBE254FAD /* Pods_FileImportApp_FileImportAppUITests.framework */; };
		8A2691D4298944F100D2A8A8 /* AppDelegate.swift in Sources */ = {isa = PBXBuildFile; fileRef = 8A2691D3298944F100D2A8A8 /* AppDelegate.swift */; };
		8A2691DD298950D800D2A8A8 /* Configuration.swift in Sources */ = {isa = PBXBuildFile; fileRef = 8A2691DC298950D800D2A8A8 /* Configuration.swift */; };
		8A2691DF29895A2200D2A8A8 /* AppAnalytics.swift in Sources */ = {isa = PBXBuildFile; fileRef = 8A2691DE29895A2200D2A8A8 /* AppAnalytics.swift */; };
		8A2691E1298A5B8B00D2A8A8 /* AppCenterAnalytics.swift in Sources */ = {isa = PBXBuildFile; fileRef = 8A2691E0298A5B8B00D2A8A8 /* AppCenterAnalytics.swift */; };
		8A2691E5298A5C1400D2A8A8 /* AnalyticsTest.swift in Sources */ = {isa = PBXBuildFile; fileRef = 8A2691E4298A5C1400D2A8A8 /* AnalyticsTest.swift */; };
		8A2691E6298A5D4800D2A8A8 /* AppAnalytics.swift in Sources */ = {isa = PBXBuildFile; fileRef = 8A2691DE29895A2200D2A8A8 /* AppAnalytics.swift */; };
		8A2691EA298A5F1600D2A8A8 /* FileExportType.swift in Sources */ = {isa = PBXBuildFile; fileRef = 8A2691E9298A5F1600D2A8A8 /* FileExportType.swift */; };
		8A2691EB298A5F1600D2A8A8 /* FileExportType.swift in Sources */ = {isa = PBXBuildFile; fileRef = 8A2691E9298A5F1600D2A8A8 /* FileExportType.swift */; };
		8A2691EC298A5F1600D2A8A8 /* FileExportType.swift in Sources */ = {isa = PBXBuildFile; fileRef = 8A2691E9298A5F1600D2A8A8 /* FileExportType.swift */; };
		8A2691EE298A704700D2A8A8 /* AccessabilityID.swift in Sources */ = {isa = PBXBuildFile; fileRef = 8A2691ED298A704700D2A8A8 /* AccessabilityID.swift */; };
		8A2691EF298A704700D2A8A8 /* AccessabilityID.swift in Sources */ = {isa = PBXBuildFile; fileRef = 8A2691ED298A704700D2A8A8 /* AccessabilityID.swift */; };
		8A2691F0298A704700D2A8A8 /* AccessabilityID.swift in Sources */ = {isa = PBXBuildFile; fileRef = 8A2691ED298A704700D2A8A8 /* AccessabilityID.swift */; };
		9B940FEF4EDF5041493DCD2F /* Pods_FileImportApp.framework in Frameworks */ = {isa = PBXBuildFile; fileRef = 8C252081AED11DE4FFCC624D /* Pods_FileImportApp.framework */; };
		AC4FC5FE570A8AC7418A33F3 /* Pods_FileImportAppTests.framework in Frameworks */ = {isa = PBXBuildFile; fileRef = DE6A3A8FA2E0758A6F67C317 /* Pods_FileImportAppTests.framework */; };
		DB6785DE264C5E9A003758F7 /* FileConverter.swift in Sources */ = {isa = PBXBuildFile; fileRef = DB6785DD264C5E9A003758F7 /* FileConverter.swift */; };
		DB7BB195264B041100D8BA69 /* SwiftExtensions.swift in Sources */ = {isa = PBXBuildFile; fileRef = DB7BB194264B041100D8BA69 /* SwiftExtensions.swift */; };
		DBA61ECA26480DD900F27597 /* FileImportApp.swift in Sources */ = {isa = PBXBuildFile; fileRef = DBA61EC926480DD900F27597 /* FileImportApp.swift */; };
		DBA61ECC26480DD900F27597 /* FileImportView.swift in Sources */ = {isa = PBXBuildFile; fileRef = DBA61ECB26480DD900F27597 /* FileImportView.swift */; };
		DBA61ECE26480DDB00F27597 /* Assets.xcassets in Resources */ = {isa = PBXBuildFile; fileRef = DBA61ECD26480DDB00F27597 /* Assets.xcassets */; };
		DBA61ED126480DDB00F27597 /* Preview Assets.xcassets in Resources */ = {isa = PBXBuildFile; fileRef = DBA61ED026480DDB00F27597 /* Preview Assets.xcassets */; };
		DBA61EDC26480DDC00F27597 /* FileImportAppTests.swift in Sources */ = {isa = PBXBuildFile; fileRef = DBA61EDB26480DDC00F27597 /* FileImportAppTests.swift */; };
		DBA61EE726480DDC00F27597 /* FileImportAppUITests.swift in Sources */ = {isa = PBXBuildFile; fileRef = DBA61EE626480DDC00F27597 /* FileImportAppUITests.swift */; };
		DBC535D92652CF4400418850 /* ViewDidLoadModifier.swift in Sources */ = {isa = PBXBuildFile; fileRef = DBC535D82652CF4400418850 /* ViewDidLoadModifier.swift */; };
		DBC535E32652D00800418850 /* FileViewModel.swift in Sources */ = {isa = PBXBuildFile; fileRef = DBC535E22652D00800418850 /* FileViewModel.swift */; };
		DBC535E82652D02400418850 /* FileExportViewModel.swift in Sources */ = {isa = PBXBuildFile; fileRef = DBC535E72652D02400418850 /* FileExportViewModel.swift */; };
		DBC535ED2652D04800418850 /* FileView.swift in Sources */ = {isa = PBXBuildFile; fileRef = DBC535EC2652D04800418850 /* FileView.swift */; };
		DBC535F22652D06500418850 /* FileImportViewModel.swift in Sources */ = {isa = PBXBuildFile; fileRef = DBC535F12652D06500418850 /* FileImportViewModel.swift */; };
		DBC535F72652D07E00418850 /* FileDetailView.swift in Sources */ = {isa = PBXBuildFile; fileRef = DBC535F62652D07E00418850 /* FileDetailView.swift */; };
		DBC535FC2652D0B700418850 /* FileGridView.swift in Sources */ = {isa = PBXBuildFile; fileRef = DBC535FB2652D0B700418850 /* FileGridView.swift */; };
		DBC536072652F26200418850 /* FilePreviewView.swift in Sources */ = {isa = PBXBuildFile; fileRef = DBC536062652F26200418850 /* FilePreviewView.swift */; };
		DBC5361C2652F5A200418850 /* AsyncOperation.swift in Sources */ = {isa = PBXBuildFile; fileRef = DBC5361B2652F5A200418850 /* AsyncOperation.swift */; };
		DBC536252652F60700418850 /* FileConvertOperation.swift in Sources */ = {isa = PBXBuildFile; fileRef = DBC536242652F60700418850 /* FileConvertOperation.swift */; };
		DBC5362D2653007800418850 /* FileConvertManager.swift in Sources */ = {isa = PBXBuildFile; fileRef = DBC5362C2653007800418850 /* FileConvertManager.swift */; };
		DBC53632265301F300418850 /* Constants.swift in Sources */ = {isa = PBXBuildFile; fileRef = DBC53631265301F300418850 /* Constants.swift */; };
		DBC536372653151F00418850 /* ShareSheet.swift in Sources */ = {isa = PBXBuildFile; fileRef = DBC536362653151F00418850 /* ShareSheet.swift */; };
		DBD2E376264C4C1D00F9D5CE /* FileManagerExtension.swift in Sources */ = {isa = PBXBuildFile; fileRef = DBD2E375264C4C1D00F9D5CE /* FileManagerExtension.swift */; };
/* End PBXBuildFile section */

/* Begin PBXContainerItemProxy section */
		DBA61ED826480DDB00F27597 /* PBXContainerItemProxy */ = {
			isa = PBXContainerItemProxy;
			containerPortal = DBA61EBE26480DD900F27597 /* Project object */;
			proxyType = 1;
			remoteGlobalIDString = DBA61EC526480DD900F27597;
			remoteInfo = FileImportApp;
		};
		DBA61EE326480DDC00F27597 /* PBXContainerItemProxy */ = {
			isa = PBXContainerItemProxy;
			containerPortal = DBA61EBE26480DD900F27597 /* Project object */;
			proxyType = 1;
			remoteGlobalIDString = DBA61EC526480DD900F27597;
			remoteInfo = FileImportApp;
		};
/* End PBXContainerItemProxy section */

/* Begin PBXFileReference section */
		0002402444C73BE7B6DBC6E7 /* Pods-FileImportAppTests.release.xcconfig */ = {isa = PBXFileReference; includeInIndex = 1; lastKnownFileType = text.xcconfig; name = "Pods-FileImportAppTests.release.xcconfig"; path = "Target Support Files/Pods-FileImportAppTests/Pods-FileImportAppTests.release.xcconfig"; sourceTree = "<group>"; };
		1BB6F440D6DF6C7DBE254FAD /* Pods_FileImportApp_FileImportAppUITests.framework */ = {isa = PBXFileReference; explicitFileType = wrapper.framework; includeInIndex = 0; path = Pods_FileImportApp_FileImportAppUITests.framework; sourceTree = BUILT_PRODUCTS_DIR; };
		75492C7098517C8EBC05A36F /* Pods-FileImportApp.release.xcconfig */ = {isa = PBXFileReference; includeInIndex = 1; lastKnownFileType = text.xcconfig; name = "Pods-FileImportApp.release.xcconfig"; path = "Target Support Files/Pods-FileImportApp/Pods-FileImportApp.release.xcconfig"; sourceTree = "<group>"; };
		82683639453CFE42E2BEE806 /* Pods-FileImportApp-FileImportAppUITests.release.xcconfig */ = {isa = PBXFileReference; includeInIndex = 1; lastKnownFileType = text.xcconfig; name = "Pods-FileImportApp-FileImportAppUITests.release.xcconfig"; path = "Target Support Files/Pods-FileImportApp-FileImportAppUITests/Pods-FileImportApp-FileImportAppUITests.release.xcconfig"; sourceTree = "<group>"; };
		83EB34EDE727D29EC9CBF829 /* Pods-FileImportApp.debug.xcconfig */ = {isa = PBXFileReference; includeInIndex = 1; lastKnownFileType = text.xcconfig; name = "Pods-FileImportApp.debug.xcconfig"; path = "Target Support Files/Pods-FileImportApp/Pods-FileImportApp.debug.xcconfig"; sourceTree = "<group>"; };
		8A2691D3298944F100D2A8A8 /* AppDelegate.swift */ = {isa = PBXFileReference; lastKnownFileType = sourcecode.swift; path = AppDelegate.swift; sourceTree = "<group>"; };
		8A2691DC298950D800D2A8A8 /* Configuration.swift */ = {isa = PBXFileReference; lastKnownFileType = sourcecode.swift; path = Configuration.swift; sourceTree = "<group>"; };
		8A2691DE29895A2200D2A8A8 /* AppAnalytics.swift */ = {isa = PBXFileReference; lastKnownFileType = sourcecode.swift; path = AppAnalytics.swift; sourceTree = "<group>"; };
		8A2691E0298A5B8B00D2A8A8 /* AppCenterAnalytics.swift */ = {isa = PBXFileReference; lastKnownFileType = sourcecode.swift; path = AppCenterAnalytics.swift; sourceTree = "<group>"; };
		8A2691E4298A5C1400D2A8A8 /* AnalyticsTest.swift */ = {isa = PBXFileReference; lastKnownFileType = sourcecode.swift; path = AnalyticsTest.swift; sourceTree = "<group>"; };
		8A2691E9298A5F1600D2A8A8 /* FileExportType.swift */ = {isa = PBXFileReference; lastKnownFileType = sourcecode.swift; path = FileExportType.swift; sourceTree = "<group>"; };
		8A2691ED298A704700D2A8A8 /* AccessabilityID.swift */ = {isa = PBXFileReference; lastKnownFileType = sourcecode.swift; path = AccessabilityID.swift; sourceTree = "<group>"; };
		8C252081AED11DE4FFCC624D /* Pods_FileImportApp.framework */ = {isa = PBXFileReference; explicitFileType = wrapper.framework; includeInIndex = 0; path = Pods_FileImportApp.framework; sourceTree = BUILT_PRODUCTS_DIR; };
		9DED4A787B6E880141732906 /* Pods-FileImportAppTests.debug.xcconfig */ = {isa = PBXFileReference; includeInIndex = 1; lastKnownFileType = text.xcconfig; name = "Pods-FileImportAppTests.debug.xcconfig"; path = "Target Support Files/Pods-FileImportAppTests/Pods-FileImportAppTests.debug.xcconfig"; sourceTree = "<group>"; };
		DB6785DD264C5E9A003758F7 /* FileConverter.swift */ = {isa = PBXFileReference; lastKnownFileType = sourcecode.swift; path = FileConverter.swift; sourceTree = "<group>"; };
		DB7BB194264B041100D8BA69 /* SwiftExtensions.swift */ = {isa = PBXFileReference; lastKnownFileType = sourcecode.swift; path = SwiftExtensions.swift; sourceTree = "<group>"; };
		DBA61EC626480DD900F27597 /* FileImportApp.app */ = {isa = PBXFileReference; explicitFileType = wrapper.application; includeInIndex = 0; path = FileImportApp.app; sourceTree = BUILT_PRODUCTS_DIR; };
		DBA61EC926480DD900F27597 /* FileImportApp.swift */ = {isa = PBXFileReference; lastKnownFileType = sourcecode.swift; path = FileImportApp.swift; sourceTree = "<group>"; };
		DBA61ECB26480DD900F27597 /* FileImportView.swift */ = {isa = PBXFileReference; lastKnownFileType = sourcecode.swift; path = FileImportView.swift; sourceTree = "<group>"; };
		DBA61ECD26480DDB00F27597 /* Assets.xcassets */ = {isa = PBXFileReference; lastKnownFileType = folder.assetcatalog; path = Assets.xcassets; sourceTree = "<group>"; };
		DBA61ED026480DDB00F27597 /* Preview Assets.xcassets */ = {isa = PBXFileReference; lastKnownFileType = folder.assetcatalog; path = "Preview Assets.xcassets"; sourceTree = "<group>"; };
		DBA61ED226480DDB00F27597 /* Info.plist */ = {isa = PBXFileReference; lastKnownFileType = text.plist.xml; path = Info.plist; sourceTree = "<group>"; };
		DBA61ED726480DDB00F27597 /* FileImportAppTests.xctest */ = {isa = PBXFileReference; explicitFileType = wrapper.cfbundle; includeInIndex = 0; path = FileImportAppTests.xctest; sourceTree = BUILT_PRODUCTS_DIR; };
		DBA61EDB26480DDC00F27597 /* FileImportAppTests.swift */ = {isa = PBXFileReference; lastKnownFileType = sourcecode.swift; path = FileImportAppTests.swift; sourceTree = "<group>"; };
		DBA61EDD26480DDC00F27597 /* Info.plist */ = {isa = PBXFileReference; lastKnownFileType = text.plist.xml; path = Info.plist; sourceTree = "<group>"; };
		DBA61EE226480DDC00F27597 /* FileImportAppUITests.xctest */ = {isa = PBXFileReference; explicitFileType = wrapper.cfbundle; includeInIndex = 0; path = FileImportAppUITests.xctest; sourceTree = BUILT_PRODUCTS_DIR; };
		DBA61EE626480DDC00F27597 /* FileImportAppUITests.swift */ = {isa = PBXFileReference; lastKnownFileType = sourcecode.swift; path = FileImportAppUITests.swift; sourceTree = "<group>"; };
		DBA61EE826480DDC00F27597 /* Info.plist */ = {isa = PBXFileReference; lastKnownFileType = text.plist.xml; path = Info.plist; sourceTree = "<group>"; };
		DBC535D82652CF4400418850 /* ViewDidLoadModifier.swift */ = {isa = PBXFileReference; lastKnownFileType = sourcecode.swift; path = ViewDidLoadModifier.swift; sourceTree = "<group>"; };
		DBC535E22652D00800418850 /* FileViewModel.swift */ = {isa = PBXFileReference; lastKnownFileType = sourcecode.swift; path = FileViewModel.swift; sourceTree = "<group>"; };
		DBC535E72652D02400418850 /* FileExportViewModel.swift */ = {isa = PBXFileReference; lastKnownFileType = sourcecode.swift; path = FileExportViewModel.swift; sourceTree = "<group>"; };
		DBC535EC2652D04800418850 /* FileView.swift */ = {isa = PBXFileReference; lastKnownFileType = sourcecode.swift; path = FileView.swift; sourceTree = "<group>"; };
		DBC535F12652D06500418850 /* FileImportViewModel.swift */ = {isa = PBXFileReference; lastKnownFileType = sourcecode.swift; path = FileImportViewModel.swift; sourceTree = "<group>"; };
		DBC535F62652D07E00418850 /* FileDetailView.swift */ = {isa = PBXFileReference; lastKnownFileType = sourcecode.swift; path = FileDetailView.swift; sourceTree = "<group>"; };
		DBC535FB2652D0B700418850 /* FileGridView.swift */ = {isa = PBXFileReference; lastKnownFileType = sourcecode.swift; path = FileGridView.swift; sourceTree = "<group>"; };
		DBC536062652F26200418850 /* FilePreviewView.swift */ = {isa = PBXFileReference; lastKnownFileType = sourcecode.swift; path = FilePreviewView.swift; sourceTree = "<group>"; };
		DBC5361B2652F5A200418850 /* AsyncOperation.swift */ = {isa = PBXFileReference; lastKnownFileType = sourcecode.swift; path = AsyncOperation.swift; sourceTree = "<group>"; };
		DBC536242652F60700418850 /* FileConvertOperation.swift */ = {isa = PBXFileReference; lastKnownFileType = sourcecode.swift; path = FileConvertOperation.swift; sourceTree = "<group>"; };
		DBC5362C2653007800418850 /* FileConvertManager.swift */ = {isa = PBXFileReference; lastKnownFileType = sourcecode.swift; path = FileConvertManager.swift; sourceTree = "<group>"; };
		DBC53631265301F300418850 /* Constants.swift */ = {isa = PBXFileReference; lastKnownFileType = sourcecode.swift; path = Constants.swift; sourceTree = "<group>"; };
		DBC536362653151F00418850 /* ShareSheet.swift */ = {isa = PBXFileReference; lastKnownFileType = sourcecode.swift; path = ShareSheet.swift; sourceTree = "<group>"; };
		DBD2E375264C4C1D00F9D5CE /* FileManagerExtension.swift */ = {isa = PBXFileReference; lastKnownFileType = sourcecode.swift; path = FileManagerExtension.swift; sourceTree = "<group>"; };
		DE6A3A8FA2E0758A6F67C317 /* Pods_FileImportAppTests.framework */ = {isa = PBXFileReference; explicitFileType = wrapper.framework; includeInIndex = 0; path = Pods_FileImportAppTests.framework; sourceTree = BUILT_PRODUCTS_DIR; };
		EFA17153C046B001727328FB /* Pods-FileImportApp-FileImportAppUITests.debug.xcconfig */ = {isa = PBXFileReference; includeInIndex = 1; lastKnownFileType = text.xcconfig; name = "Pods-FileImportApp-FileImportAppUITests.debug.xcconfig"; path = "Target Support Files/Pods-FileImportApp-FileImportAppUITests/Pods-FileImportApp-FileImportAppUITests.debug.xcconfig"; sourceTree = "<group>"; };
/* End PBXFileReference section */

/* Begin PBXFrameworksBuildPhase section */
		DBA61EC326480DD900F27597 /* Frameworks */ = {
			isa = PBXFrameworksBuildPhase;
			buildActionMask = 2147483647;
			files = (
				9B940FEF4EDF5041493DCD2F /* Pods_FileImportApp.framework in Frameworks */,
			);
			runOnlyForDeploymentPostprocessing = 0;
		};
		DBA61ED426480DDB00F27597 /* Frameworks */ = {
			isa = PBXFrameworksBuildPhase;
			buildActionMask = 2147483647;
			files = (
				AC4FC5FE570A8AC7418A33F3 /* Pods_FileImportAppTests.framework in Frameworks */,
			);
			runOnlyForDeploymentPostprocessing = 0;
		};
		DBA61EDF26480DDC00F27597 /* Frameworks */ = {
			isa = PBXFrameworksBuildPhase;
			buildActionMask = 2147483647;
			files = (
				3D556A764BCFA13F7298907E /* Pods_FileImportApp_FileImportAppUITests.framework in Frameworks */,
			);
			runOnlyForDeploymentPostprocessing = 0;
		};
/* End PBXFrameworksBuildPhase section */

/* Begin PBXGroup section */
		646A1BE08DC56E4F93C062C5 /* Frameworks */ = {
			isa = PBXGroup;
			children = (
				8C252081AED11DE4FFCC624D /* Pods_FileImportApp.framework */,
				1BB6F440D6DF6C7DBE254FAD /* Pods_FileImportApp_FileImportAppUITests.framework */,
				DE6A3A8FA2E0758A6F67C317 /* Pods_FileImportAppTests.framework */,
			);
			name = Frameworks;
			sourceTree = "<group>";
		};
		71FC49BD16921B6F1F94ADA5 /* Pods */ = {
			isa = PBXGroup;
			children = (
				83EB34EDE727D29EC9CBF829 /* Pods-FileImportApp.debug.xcconfig */,
				75492C7098517C8EBC05A36F /* Pods-FileImportApp.release.xcconfig */,
				EFA17153C046B001727328FB /* Pods-FileImportApp-FileImportAppUITests.debug.xcconfig */,
				82683639453CFE42E2BEE806 /* Pods-FileImportApp-FileImportAppUITests.release.xcconfig */,
				9DED4A787B6E880141732906 /* Pods-FileImportAppTests.debug.xcconfig */,
				0002402444C73BE7B6DBC6E7 /* Pods-FileImportAppTests.release.xcconfig */,
			);
			path = Pods;
			sourceTree = "<group>";
		};
		DBA61EBD26480DD900F27597 = {
			isa = PBXGroup;
			children = (
				DBA61EC826480DD900F27597 /* FileImportApp */,
				DBA61EDA26480DDC00F27597 /* FileImportAppTests */,
				DBA61EE526480DDC00F27597 /* FileImportAppUITests */,
				DBA61EC726480DD900F27597 /* Products */,
				71FC49BD16921B6F1F94ADA5 /* Pods */,
				646A1BE08DC56E4F93C062C5 /* Frameworks */,
			);
			sourceTree = "<group>";
		};
		DBA61EC726480DD900F27597 /* Products */ = {
			isa = PBXGroup;
			children = (
				DBA61EC626480DD900F27597 /* FileImportApp.app */,
				DBA61ED726480DDB00F27597 /* FileImportAppTests.xctest */,
				DBA61EE226480DDC00F27597 /* FileImportAppUITests.xctest */,
			);
			name = Products;
			sourceTree = "<group>";
		};
		DBA61EC826480DD900F27597 /* FileImportApp */ = {
			isa = PBXGroup;
			children = (
				8A2691D3298944F100D2A8A8 /* AppDelegate.swift */,
				DBA61EC926480DD900F27597 /* FileImportApp.swift */,
				DBC5360B2652F48800418850 /* Components */,
				DBC536232652F5B100418850 /* FileConvert */,
				DBA61ECD26480DDB00F27597 /* Assets.xcassets */,
				DBA61ED226480DDB00F27597 /* Info.plist */,
				DBA61ECF26480DDB00F27597 /* Preview Content */,
				DBD2E37D264C4C2F00F9D5CE /* Utils */,
			);
			path = FileImportApp;
			sourceTree = "<group>";
		};
		DBA61ECF26480DDB00F27597 /* Preview Content */ = {
			isa = PBXGroup;
			children = (
				DBA61ED026480DDB00F27597 /* Preview Assets.xcassets */,
			);
			path = "Preview Content";
			sourceTree = "<group>";
		};
		DBA61EDA26480DDC00F27597 /* FileImportAppTests */ = {
			isa = PBXGroup;
			children = (
				DBA61EDB26480DDC00F27597 /* FileImportAppTests.swift */,
				8A2691E4298A5C1400D2A8A8 /* AnalyticsTest.swift */,
				DBA61EDD26480DDC00F27597 /* Info.plist */,
			);
			path = FileImportAppTests;
			sourceTree = "<group>";
		};
		DBA61EE526480DDC00F27597 /* FileImportAppUITests */ = {
			isa = PBXGroup;
			children = (
				DBA61EE626480DDC00F27597 /* FileImportAppUITests.swift */,
				DBA61EE826480DDC00F27597 /* Info.plist */,
			);
			path = FileImportAppUITests;
			sourceTree = "<group>";
		};
		DBC5360B2652F48800418850 /* Components */ = {
			isa = PBXGroup;
			children = (
				DBC535F12652D06500418850 /* FileImportViewModel.swift */,
				DBA61ECB26480DD900F27597 /* FileImportView.swift */,
				DBC535FB2652D0B700418850 /* FileGridView.swift */,
				DBC535E22652D00800418850 /* FileViewModel.swift */,
				DBC535EC2652D04800418850 /* FileView.swift */,
				DBC535E72652D02400418850 /* FileExportViewModel.swift */,
				DBC535F62652D07E00418850 /* FileDetailView.swift */,
				DBC536062652F26200418850 /* FilePreviewView.swift */,
				8A2691E9298A5F1600D2A8A8 /* FileExportType.swift */,
			);
			path = Components;
			sourceTree = "<group>";
		};
		DBC536232652F5B100418850 /* FileConvert */ = {
			isa = PBXGroup;
			children = (
				DB6785DD264C5E9A003758F7 /* FileConverter.swift */,
				DBC536242652F60700418850 /* FileConvertOperation.swift */,
				DBC5362C2653007800418850 /* FileConvertManager.swift */,
			);
			path = FileConvert;
			sourceTree = "<group>";
		};
		DBD2E37D264C4C2F00F9D5CE /* Utils */ = {
			isa = PBXGroup;
			children = (
				DBC5361B2652F5A200418850 /* AsyncOperation.swift */,
				DB7BB194264B041100D8BA69 /* SwiftExtensions.swift */,
				DBD2E375264C4C1D00F9D5CE /* FileManagerExtension.swift */,
				DBC535D82652CF4400418850 /* ViewDidLoadModifier.swift */,
				DBC53631265301F300418850 /* Constants.swift */,
				DBC536362653151F00418850 /* ShareSheet.swift */,
				8A2691DC298950D800D2A8A8 /* Configuration.swift */,
				8A2691DE29895A2200D2A8A8 /* AppAnalytics.swift */,
				8A2691E0298A5B8B00D2A8A8 /* AppCenterAnalytics.swift */,
				8A2691ED298A704700D2A8A8 /* AccessabilityID.swift */,
			);
			path = Utils;
			sourceTree = "<group>";
		};
/* End PBXGroup section */

/* Begin PBXNativeTarget section */
		DBA61EC526480DD900F27597 /* FileImportApp */ = {
			isa = PBXNativeTarget;
			buildConfigurationList = DBA61EEB26480DDC00F27597 /* Build configuration list for PBXNativeTarget "FileImportApp" */;
			buildPhases = (
				738BEC77F6624124E8ABA9A7 /* [CP] Check Pods Manifest.lock */,
				DBA61EC226480DD900F27597 /* Sources */,
				DBA61EC326480DD900F27597 /* Frameworks */,
				DBA61EC426480DD900F27597 /* Resources */,
			);
			buildRules = (
			);
			dependencies = (
			);
			name = FileImportApp;
			productName = FileImportApp;
			productReference = DBA61EC626480DD900F27597 /* FileImportApp.app */;
			productType = "com.apple.product-type.application";
		};
		DBA61ED626480DDB00F27597 /* FileImportAppTests */ = {
			isa = PBXNativeTarget;
			buildConfigurationList = DBA61EEE26480DDC00F27597 /* Build configuration list for PBXNativeTarget "FileImportAppTests" */;
			buildPhases = (
				F470D0947F6C10C3CB309E83 /* [CP] Check Pods Manifest.lock */,
				DBA61ED326480DDB00F27597 /* Sources */,
				DBA61ED426480DDB00F27597 /* Frameworks */,
				DBA61ED526480DDB00F27597 /* Resources */,
			);
			buildRules = (
			);
			dependencies = (
				DBA61ED926480DDB00F27597 /* PBXTargetDependency */,
			);
			name = FileImportAppTests;
			productName = FileImportAppTests;
			productReference = DBA61ED726480DDB00F27597 /* FileImportAppTests.xctest */;
			productType = "com.apple.product-type.bundle.unit-test";
		};
		DBA61EE126480DDC00F27597 /* FileImportAppUITests */ = {
			isa = PBXNativeTarget;
			buildConfigurationList = DBA61EF126480DDC00F27597 /* Build configuration list for PBXNativeTarget "FileImportAppUITests" */;
			buildPhases = (
				02338621276AF13551BA89C8 /* [CP] Check Pods Manifest.lock */,
				DBA61EDE26480DDC00F27597 /* Sources */,
				DBA61EDF26480DDC00F27597 /* Frameworks */,
				DBA61EE026480DDC00F27597 /* Resources */,
			);
			buildRules = (
			);
			dependencies = (
				DBA61EE426480DDC00F27597 /* PBXTargetDependency */,
			);
			name = FileImportAppUITests;
			productName = FileImportAppUITests;
			productReference = DBA61EE226480DDC00F27597 /* FileImportAppUITests.xctest */;
			productType = "com.apple.product-type.bundle.ui-testing";
		};
/* End PBXNativeTarget section */

/* Begin PBXProject section */
		DBA61EBE26480DD900F27597 /* Project object */ = {
			isa = PBXProject;
			attributes = {
				LastSwiftUpdateCheck = 1240;
				LastUpgradeCheck = 1240;
				TargetAttributes = {
					DBA61EC526480DD900F27597 = {
						CreatedOnToolsVersion = 12.4;
					};
					DBA61ED626480DDB00F27597 = {
						CreatedOnToolsVersion = 12.4;
						TestTargetID = DBA61EC526480DD900F27597;
					};
					DBA61EE126480DDC00F27597 = {
						CreatedOnToolsVersion = 12.4;
						TestTargetID = DBA61EC526480DD900F27597;
					};
				};
			};
			buildConfigurationList = DBA61EC126480DD900F27597 /* Build configuration list for PBXProject "FileImportApp" */;
			compatibilityVersion = "Xcode 9.3";
			developmentRegion = en;
			hasScannedForEncodings = 0;
			knownRegions = (
				en,
				Base,
			);
			mainGroup = DBA61EBD26480DD900F27597;
			productRefGroup = DBA61EC726480DD900F27597 /* Products */;
			projectDirPath = "";
			projectRoot = "";
			targets = (
				DBA61EC526480DD900F27597 /* FileImportApp */,
				DBA61ED626480DDB00F27597 /* FileImportAppTests */,
				DBA61EE126480DDC00F27597 /* FileImportAppUITests */,
			);
		};
/* End PBXProject section */

/* Begin PBXResourcesBuildPhase section */
		DBA61EC426480DD900F27597 /* Resources */ = {
			isa = PBXResourcesBuildPhase;
			buildActionMask = 2147483647;
			files = (
				DBA61ED126480DDB00F27597 /* Preview Assets.xcassets in Resources */,
				DBA61ECE26480DDB00F27597 /* Assets.xcassets in Resources */,
			);
			runOnlyForDeploymentPostprocessing = 0;
		};
		DBA61ED526480DDB00F27597 /* Resources */ = {
			isa = PBXResourcesBuildPhase;
			buildActionMask = 2147483647;
			files = (
			);
			runOnlyForDeploymentPostprocessing = 0;
		};
		DBA61EE026480DDC00F27597 /* Resources */ = {
			isa = PBXResourcesBuildPhase;
			buildActionMask = 2147483647;
			files = (
			);
			runOnlyForDeploymentPostprocessing = 0;
		};
/* End PBXResourcesBuildPhase section */

/* Begin PBXShellScriptBuildPhase section */
		02338621276AF13551BA89C8 /* [CP] Check Pods Manifest.lock */ = {
			isa = PBXShellScriptBuildPhase;
			buildActionMask = 2147483647;
			files = (
			);
			inputFileListPaths = (
			);
			inputPaths = (
				"${PODS_PODFILE_DIR_PATH}/Podfile.lock",
				"${PODS_ROOT}/Manifest.lock",
			);
			name = "[CP] Check Pods Manifest.lock";
			outputFileListPaths = (
			);
			outputPaths = (
				"$(DERIVED_FILE_DIR)/Pods-FileImportApp-FileImportAppUITests-checkManifestLockResult.txt",
			);
			runOnlyForDeploymentPostprocessing = 0;
			shellPath = /bin/sh;
			shellScript = "diff \"${PODS_PODFILE_DIR_PATH}/Podfile.lock\" \"${PODS_ROOT}/Manifest.lock\" > /dev/null\nif [ $? != 0 ] ; then\n    # print error to STDERR\n    echo \"error: The sandbox is not in sync with the Podfile.lock. Run 'pod install' or update your CocoaPods installation.\" >&2\n    exit 1\nfi\n# This output is used by Xcode 'outputs' to avoid re-running this script phase.\necho \"SUCCESS\" > \"${SCRIPT_OUTPUT_FILE_0}\"\n";
			showEnvVarsInLog = 0;
		};
		738BEC77F6624124E8ABA9A7 /* [CP] Check Pods Manifest.lock */ = {
			isa = PBXShellScriptBuildPhase;
			buildActionMask = 2147483647;
			files = (
			);
			inputFileListPaths = (
			);
			inputPaths = (
				"${PODS_PODFILE_DIR_PATH}/Podfile.lock",
				"${PODS_ROOT}/Manifest.lock",
			);
			name = "[CP] Check Pods Manifest.lock";
			outputFileListPaths = (
			);
			outputPaths = (
				"$(DERIVED_FILE_DIR)/Pods-FileImportApp-checkManifestLockResult.txt",
			);
			runOnlyForDeploymentPostprocessing = 0;
			shellPath = /bin/sh;
			shellScript = "diff \"${PODS_PODFILE_DIR_PATH}/Podfile.lock\" \"${PODS_ROOT}/Manifest.lock\" > /dev/null\nif [ $? != 0 ] ; then\n    # print error to STDERR\n    echo \"error: The sandbox is not in sync with the Podfile.lock. Run 'pod install' or update your CocoaPods installation.\" >&2\n    exit 1\nfi\n# This output is used by Xcode 'outputs' to avoid re-running this script phase.\necho \"SUCCESS\" > \"${SCRIPT_OUTPUT_FILE_0}\"\n";
			showEnvVarsInLog = 0;
		};
		F470D0947F6C10C3CB309E83 /* [CP] Check Pods Manifest.lock */ = {
			isa = PBXShellScriptBuildPhase;
			buildActionMask = 2147483647;
			files = (
			);
			inputFileListPaths = (
			);
			inputPaths = (
				"${PODS_PODFILE_DIR_PATH}/Podfile.lock",
				"${PODS_ROOT}/Manifest.lock",
			);
			name = "[CP] Check Pods Manifest.lock";
			outputFileListPaths = (
			);
			outputPaths = (
				"$(DERIVED_FILE_DIR)/Pods-FileImportAppTests-checkManifestLockResult.txt",
			);
			runOnlyForDeploymentPostprocessing = 0;
			shellPath = /bin/sh;
			shellScript = "diff \"${PODS_PODFILE_DIR_PATH}/Podfile.lock\" \"${PODS_ROOT}/Manifest.lock\" > /dev/null\nif [ $? != 0 ] ; then\n    # print error to STDERR\n    echo \"error: The sandbox is not in sync with the Podfile.lock. Run 'pod install' or update your CocoaPods installation.\" >&2\n    exit 1\nfi\n# This output is used by Xcode 'outputs' to avoid re-running this script phase.\necho \"SUCCESS\" > \"${SCRIPT_OUTPUT_FILE_0}\"\n";
			showEnvVarsInLog = 0;
		};
/* End PBXShellScriptBuildPhase section */

/* Begin PBXSourcesBuildPhase section */
		DBA61EC226480DD900F27597 /* Sources */ = {
			isa = PBXSourcesBuildPhase;
			buildActionMask = 2147483647;
			files = (
				DBC535FC2652D0B700418850 /* FileGridView.swift in Sources */,
				DBC5362D2653007800418850 /* FileConvertManager.swift in Sources */,
				8A2691D4298944F100D2A8A8 /* AppDelegate.swift in Sources */,
				DBA61ECC26480DD900F27597 /* FileImportView.swift in Sources */,
				DBC535F72652D07E00418850 /* FileDetailView.swift in Sources */,
				DBD2E376264C4C1D00F9D5CE /* FileManagerExtension.swift in Sources */,
				8A2691DD298950D800D2A8A8 /* Configuration.swift in Sources */,
				DBC535E82652D02400418850 /* FileExportViewModel.swift in Sources */,
				8A2691DF29895A2200D2A8A8 /* AppAnalytics.swift in Sources */,
				DBC536072652F26200418850 /* FilePreviewView.swift in Sources */,
				DBC535E32652D00800418850 /* FileViewModel.swift in Sources */,
				DBC536252652F60700418850 /* FileConvertOperation.swift in Sources */,
				DBA61ECA26480DD900F27597 /* FileImportApp.swift in Sources */,
				DBC535F22652D06500418850 /* FileImportViewModel.swift in Sources */,
				DBC535D92652CF4400418850 /* ViewDidLoadModifier.swift in Sources */,
				DB7BB195264B041100D8BA69 /* SwiftExtensions.swift in Sources */,
				DBC535ED2652D04800418850 /* FileView.swift in Sources */,
				8A2691E1298A5B8B00D2A8A8 /* AppCenterAnalytics.swift in Sources */,
				DBC5361C2652F5A200418850 /* AsyncOperation.swift in Sources */,
				DBC536372653151F00418850 /* ShareSheet.swift in Sources */,
				DB6785DE264C5E9A003758F7 /* FileConverter.swift in Sources */,
				DBC53632265301F300418850 /* Constants.swift in Sources */,
				8A2691EE298A704700D2A8A8 /* AccessabilityID.swift in Sources */,
				8A2691EA298A5F1600D2A8A8 /* FileExportType.swift in Sources */,
			);
			runOnlyForDeploymentPostprocessing = 0;
		};
		DBA61ED326480DDB00F27597 /* Sources */ = {
			isa = PBXSourcesBuildPhase;
			buildActionMask = 2147483647;
			files = (
				DBA61EDC26480DDC00F27597 /* FileImportAppTests.swift in Sources */,
				8A2691E6298A5D4800D2A8A8 /* AppAnalytics.swift in Sources */,
				8A2691EF298A704700D2A8A8 /* AccessabilityID.swift in Sources */,
				8A2691EB298A5F1600D2A8A8 /* FileExportType.swift in Sources */,
				8A2691E5298A5C1400D2A8A8 /* AnalyticsTest.swift in Sources */,
			);
			runOnlyForDeploymentPostprocessing = 0;
		};
		DBA61EDE26480DDC00F27597 /* Sources */ = {
			isa = PBXSourcesBuildPhase;
			buildActionMask = 2147483647;
			files = (
				DBA61EE726480DDC00F27597 /* FileImportAppUITests.swift in Sources */,
				8A2691F0298A704700D2A8A8 /* AccessabilityID.swift in Sources */,
				8A2691EC298A5F1600D2A8A8 /* FileExportType.swift in Sources */,
			);
			runOnlyForDeploymentPostprocessing = 0;
		};
/* End PBXSourcesBuildPhase section */

/* Begin PBXTargetDependency section */
		DBA61ED926480DDB00F27597 /* PBXTargetDependency */ = {
			isa = PBXTargetDependency;
			target = DBA61EC526480DD900F27597 /* FileImportApp */;
			targetProxy = DBA61ED826480DDB00F27597 /* PBXContainerItemProxy */;
		};
		DBA61EE426480DDC00F27597 /* PBXTargetDependency */ = {
			isa = PBXTargetDependency;
			target = DBA61EC526480DD900F27597 /* FileImportApp */;
			targetProxy = DBA61EE326480DDC00F27597 /* PBXContainerItemProxy */;
		};
/* End PBXTargetDependency section */

/* Begin XCBuildConfiguration section */
		DBA61EE926480DDC00F27597 /* Debug */ = {
			isa = XCBuildConfiguration;
			buildSettings = {
				ALWAYS_SEARCH_USER_PATHS = NO;
				CLANG_ANALYZER_NONNULL = YES;
				CLANG_ANALYZER_NUMBER_OBJECT_CONVERSION = YES_AGGRESSIVE;
				CLANG_CXX_LANGUAGE_STANDARD = "gnu++14";
				CLANG_CXX_LIBRARY = "libc++";
				CLANG_ENABLE_MODULES = YES;
				CLANG_ENABLE_OBJC_ARC = YES;
				CLANG_ENABLE_OBJC_WEAK = YES;
				CLANG_WARN_BLOCK_CAPTURE_AUTORELEASING = YES;
				CLANG_WARN_BOOL_CONVERSION = YES;
				CLANG_WARN_COMMA = YES;
				CLANG_WARN_CONSTANT_CONVERSION = YES;
				CLANG_WARN_DEPRECATED_OBJC_IMPLEMENTATIONS = YES;
				CLANG_WARN_DIRECT_OBJC_ISA_USAGE = YES_ERROR;
				CLANG_WARN_DOCUMENTATION_COMMENTS = YES;
				CLANG_WARN_EMPTY_BODY = YES;
				CLANG_WARN_ENUM_CONVERSION = YES;
				CLANG_WARN_INFINITE_RECURSION = YES;
				CLANG_WARN_INT_CONVERSION = YES;
				CLANG_WARN_NON_LITERAL_NULL_CONVERSION = YES;
				CLANG_WARN_OBJC_IMPLICIT_RETAIN_SELF = YES;
				CLANG_WARN_OBJC_LITERAL_CONVERSION = YES;
				CLANG_WARN_OBJC_ROOT_CLASS = YES_ERROR;
				CLANG_WARN_QUOTED_INCLUDE_IN_FRAMEWORK_HEADER = YES;
				CLANG_WARN_RANGE_LOOP_ANALYSIS = YES;
				CLANG_WARN_STRICT_PROTOTYPES = YES;
				CLANG_WARN_SUSPICIOUS_MOVE = YES;
				CLANG_WARN_UNGUARDED_AVAILABILITY = YES_AGGRESSIVE;
				CLANG_WARN_UNREACHABLE_CODE = YES;
				CLANG_WARN__DUPLICATE_METHOD_MATCH = YES;
				COPY_PHASE_STRIP = NO;
				DEBUG_INFORMATION_FORMAT = dwarf;
				ENABLE_STRICT_OBJC_MSGSEND = YES;
				ENABLE_TESTABILITY = YES;
				GCC_C_LANGUAGE_STANDARD = gnu11;
				GCC_DYNAMIC_NO_PIC = NO;
				GCC_NO_COMMON_BLOCKS = YES;
				GCC_OPTIMIZATION_LEVEL = 0;
				GCC_PREPROCESSOR_DEFINITIONS = (
					"DEBUG=1",
					"$(inherited)",
				);
				GCC_WARN_64_TO_32_BIT_CONVERSION = YES;
				GCC_WARN_ABOUT_RETURN_TYPE = YES_ERROR;
				GCC_WARN_UNDECLARED_SELECTOR = YES;
				GCC_WARN_UNINITIALIZED_AUTOS = YES_AGGRESSIVE;
				GCC_WARN_UNUSED_FUNCTION = YES;
				GCC_WARN_UNUSED_VARIABLE = YES;
				IPHONEOS_DEPLOYMENT_TARGET = 14.4;
				MTL_ENABLE_DEBUG_INFO = INCLUDE_SOURCE;
				MTL_FAST_MATH = YES;
				ONLY_ACTIVE_ARCH = YES;
				SDKROOT = iphoneos;
				SWIFT_ACTIVE_COMPILATION_CONDITIONS = DEBUG;
				SWIFT_OPTIMIZATION_LEVEL = "-Onone";
			};
			name = Debug;
		};
		DBA61EEA26480DDC00F27597 /* Release */ = {
			isa = XCBuildConfiguration;
			buildSettings = {
				ALWAYS_SEARCH_USER_PATHS = NO;
				CLANG_ANALYZER_NONNULL = YES;
				CLANG_ANALYZER_NUMBER_OBJECT_CONVERSION = YES_AGGRESSIVE;
				CLANG_CXX_LANGUAGE_STANDARD = "gnu++14";
				CLANG_CXX_LIBRARY = "libc++";
				CLANG_ENABLE_MODULES = YES;
				CLANG_ENABLE_OBJC_ARC = YES;
				CLANG_ENABLE_OBJC_WEAK = YES;
				CLANG_WARN_BLOCK_CAPTURE_AUTORELEASING = YES;
				CLANG_WARN_BOOL_CONVERSION = YES;
				CLANG_WARN_COMMA = YES;
				CLANG_WARN_CONSTANT_CONVERSION = YES;
				CLANG_WARN_DEPRECATED_OBJC_IMPLEMENTATIONS = YES;
				CLANG_WARN_DIRECT_OBJC_ISA_USAGE = YES_ERROR;
				CLANG_WARN_DOCUMENTATION_COMMENTS = YES;
				CLANG_WARN_EMPTY_BODY = YES;
				CLANG_WARN_ENUM_CONVERSION = YES;
				CLANG_WARN_INFINITE_RECURSION = YES;
				CLANG_WARN_INT_CONVERSION = YES;
				CLANG_WARN_NON_LITERAL_NULL_CONVERSION = YES;
				CLANG_WARN_OBJC_IMPLICIT_RETAIN_SELF = YES;
				CLANG_WARN_OBJC_LITERAL_CONVERSION = YES;
				CLANG_WARN_OBJC_ROOT_CLASS = YES_ERROR;
				CLANG_WARN_QUOTED_INCLUDE_IN_FRAMEWORK_HEADER = YES;
				CLANG_WARN_RANGE_LOOP_ANALYSIS = YES;
				CLANG_WARN_STRICT_PROTOTYPES = YES;
				CLANG_WARN_SUSPICIOUS_MOVE = YES;
				CLANG_WARN_UNGUARDED_AVAILABILITY = YES_AGGRESSIVE;
				CLANG_WARN_UNREACHABLE_CODE = YES;
				CLANG_WARN__DUPLICATE_METHOD_MATCH = YES;
				COPY_PHASE_STRIP = NO;
				DEBUG_INFORMATION_FORMAT = "dwarf-with-dsym";
				ENABLE_NS_ASSERTIONS = NO;
				ENABLE_STRICT_OBJC_MSGSEND = YES;
				GCC_C_LANGUAGE_STANDARD = gnu11;
				GCC_NO_COMMON_BLOCKS = YES;
				GCC_WARN_64_TO_32_BIT_CONVERSION = YES;
				GCC_WARN_ABOUT_RETURN_TYPE = YES_ERROR;
				GCC_WARN_UNDECLARED_SELECTOR = YES;
				GCC_WARN_UNINITIALIZED_AUTOS = YES_AGGRESSIVE;
				GCC_WARN_UNUSED_FUNCTION = YES;
				GCC_WARN_UNUSED_VARIABLE = YES;
				IPHONEOS_DEPLOYMENT_TARGET = 14.4;
				MTL_ENABLE_DEBUG_INFO = NO;
				MTL_FAST_MATH = YES;
				SDKROOT = iphoneos;
				SWIFT_COMPILATION_MODE = wholemodule;
				SWIFT_OPTIMIZATION_LEVEL = "-O";
				VALIDATE_PRODUCT = YES;
			};
			name = Release;
		};
		DBA61EEC26480DDC00F27597 /* Debug */ = {
			isa = XCBuildConfiguration;
			baseConfigurationReference = 83EB34EDE727D29EC9CBF829 /* Pods-FileImportApp.debug.xcconfig */;
			buildSettings = {
				ASSETCATALOG_COMPILER_APPICON_NAME = AppIcon;
				ASSETCATALOG_COMPILER_GLOBAL_ACCENT_COLOR_NAME = AccentColor;
				CODE_SIGN_STYLE = Automatic;
				DEBUG_INFORMATION_FORMAT = "dwarf-with-dsym";
				DEVELOPMENT_ASSET_PATHS = "\"FileImportApp/Preview Content\"";
				DEVELOPMENT_TEAM = 2M6MREMEHZ;
				ENABLE_PREVIEWS = YES;
				INFOPLIST_FILE = FileImportApp/Info.plist;
				IPHONEOS_DEPLOYMENT_TARGET = 14.0;
				LD_RUNPATH_SEARCH_PATHS = (
					"$(inherited)",
					"@executable_path/Frameworks",
				);
				PRODUCT_BUNDLE_IDENTIFIER = com.evelyne.random.FileImportApp;
				PRODUCT_NAME = "$(TARGET_NAME)";
				SWIFT_VERSION = 5.0;
				TARGETED_DEVICE_FAMILY = "1,2";
			};
			name = Debug;
		};
		DBA61EED26480DDC00F27597 /* Release */ = {
			isa = XCBuildConfiguration;
			baseConfigurationReference = 75492C7098517C8EBC05A36F /* Pods-FileImportApp.release.xcconfig */;
			buildSettings = {
				ASSETCATALOG_COMPILER_APPICON_NAME = AppIcon;
				ASSETCATALOG_COMPILER_GLOBAL_ACCENT_COLOR_NAME = AccentColor;
				CODE_SIGN_STYLE = Automatic;
				DEVELOPMENT_ASSET_PATHS = "\"FileImportApp/Preview Content\"";
				DEVELOPMENT_TEAM = 2M6MREMEHZ;
				ENABLE_PREVIEWS = YES;
				INFOPLIST_FILE = FileImportApp/Info.plist;
				IPHONEOS_DEPLOYMENT_TARGET = 14.0;
				LD_RUNPATH_SEARCH_PATHS = (
					"$(inherited)",
					"@executable_path/Frameworks",
				);
				PRODUCT_BUNDLE_IDENTIFIER = com.evelyne.random.FileImportApp;
				PRODUCT_NAME = "$(TARGET_NAME)";
				SWIFT_VERSION = 5.0;
				TARGETED_DEVICE_FAMILY = "1,2";
			};
			name = Release;
		};
		DBA61EEF26480DDC00F27597 /* Debug */ = {
			isa = XCBuildConfiguration;
			baseConfigurationReference = 9DED4A787B6E880141732906 /* Pods-FileImportAppTests.debug.xcconfig */;
			buildSettings = {
				ALWAYS_EMBED_SWIFT_STANDARD_LIBRARIES = YES;
				BUNDLE_LOADER = "$(TEST_HOST)";
				CODE_SIGN_STYLE = Automatic;
				DEVELOPMENT_TEAM = 2M6MREMEHZ;
				INFOPLIST_FILE = FileImportAppTests/Info.plist;
				IPHONEOS_DEPLOYMENT_TARGET = 14.0;
				LD_RUNPATH_SEARCH_PATHS = (
					"$(inherited)",
					"@executable_path/Frameworks",
					"@loader_path/Frameworks",
				);
				PRODUCT_BUNDLE_IDENTIFIER = com.evelyne.random.FileImportAppTests;
				PRODUCT_NAME = "$(TARGET_NAME)";
				SWIFT_VERSION = 5.0;
				TARGETED_DEVICE_FAMILY = "1,2";
				TEST_HOST = "$(BUILT_PRODUCTS_DIR)/FileImportApp.app/FileImportApp";
			};
			name = Debug;
		};
		DBA61EF026480DDC00F27597 /* Release */ = {
			isa = XCBuildConfiguration;
			baseConfigurationReference = 0002402444C73BE7B6DBC6E7 /* Pods-FileImportAppTests.release.xcconfig */;
			buildSettings = {
				ALWAYS_EMBED_SWIFT_STANDARD_LIBRARIES = YES;
				BUNDLE_LOADER = "$(TEST_HOST)";
				CODE_SIGN_STYLE = Automatic;
				DEVELOPMENT_TEAM = 2M6MREMEHZ;
				INFOPLIST_FILE = FileImportAppTests/Info.plist;
				IPHONEOS_DEPLOYMENT_TARGET = 14.0;
				LD_RUNPATH_SEARCH_PATHS = (
					"$(inherited)",
					"@executable_path/Frameworks",
					"@loader_path/Frameworks",
				);
				PRODUCT_BUNDLE_IDENTIFIER = com.evelyne.random.FileImportAppTests;
				PRODUCT_NAME = "$(TARGET_NAME)";
				SWIFT_VERSION = 5.0;
				TARGETED_DEVICE_FAMILY = "1,2";
				TEST_HOST = "$(BUILT_PRODUCTS_DIR)/FileImportApp.app/FileImportApp";
			};
			name = Release;
		};
		DBA61EF226480DDC00F27597 /* Debug */ = {
			isa = XCBuildConfiguration;
			baseConfigurationReference = EFA17153C046B001727328FB /* Pods-FileImportApp-FileImportAppUITests.debug.xcconfig */;
			buildSettings = {
				ALWAYS_EMBED_SWIFT_STANDARD_LIBRARIES = YES;
				CODE_SIGN_STYLE = Automatic;
				DEVELOPMENT_TEAM = 2M6MREMEHZ;
				INFOPLIST_FILE = FileImportAppUITests/Info.plist;
				LD_RUNPATH_SEARCH_PATHS = (
					"$(inherited)",
					"@executable_path/Frameworks",
					"@loader_path/Frameworks",
				);
				PRODUCT_BUNDLE_IDENTIFIER = com.evelyne.random.FileImportAppUITests;
				PRODUCT_NAME = "$(TARGET_NAME)";
				SWIFT_VERSION = 5.0;
				TARGETED_DEVICE_FAMILY = "1,2";
				TEST_TARGET_NAME = FileImportApp;
			};
			name = Debug;
		};
		DBA61EF326480DDC00F27597 /* Release */ = {
			isa = XCBuildConfiguration;
			baseConfigurationReference = 82683639453CFE42E2BEE806 /* Pods-FileImportApp-FileImportAppUITests.release.xcconfig */;
			buildSettings = {
				ALWAYS_EMBED_SWIFT_STANDARD_LIBRARIES = YES;
				CODE_SIGN_STYLE = Automatic;
				DEVELOPMENT_TEAM = 2M6MREMEHZ;
				INFOPLIST_FILE = FileImportAppUITests/Info.plist;
				LD_RUNPATH_SEARCH_PATHS = (
					"$(inherited)",
					"@executable_path/Frameworks",
					"@loader_path/Frameworks",
				);
				PRODUCT_BUNDLE_IDENTIFIER = com.evelyne.random.FileImportAppUITests;
				PRODUCT_NAME = "$(TARGET_NAME)";
				SWIFT_VERSION = 5.0;
				TARGETED_DEVICE_FAMILY = "1,2";
				TEST_TARGET_NAME = FileImportApp;
			};
			name = Release;
		};
/* End XCBuildConfiguration section */

/* Begin XCConfigurationList section */
		DBA61EC126480DD900F27597 /* Build configuration list for PBXProject "FileImportApp" */ = {
			isa = XCConfigurationList;
			buildConfigurations = (
				DBA61EE926480DDC00F27597 /* Debug */,
				DBA61EEA26480DDC00F27597 /* Release */,
			);
			defaultConfigurationIsVisible = 0;
			defaultConfigurationName = Release;
		};
		DBA61EEB26480DDC00F27597 /* Build configuration list for PBXNativeTarget "FileImportApp" */ = {
			isa = XCConfigurationList;
			buildConfigurations = (
				DBA61EEC26480DDC00F27597 /* Debug */,
				DBA61EED26480DDC00F27597 /* Release */,
			);
			defaultConfigurationIsVisible = 0;
			defaultConfigurationName = Release;
		};
		DBA61EEE26480DDC00F27597 /* Build configuration list for PBXNativeTarget "FileImportAppTests" */ = {
			isa = XCConfigurationList;
			buildConfigurations = (
				DBA61EEF26480DDC00F27597 /* Debug */,
				DBA61EF026480DDC00F27597 /* Release */,
			);
			defaultConfigurationIsVisible = 0;
			defaultConfigurationName = Release;
		};
		DBA61EF126480DDC00F27597 /* Build configuration list for PBXNativeTarget "FileImportAppUITests" */ = {
			isa = XCConfigurationList;
			buildConfigurations = (
				DBA61EF226480DDC00F27597 /* Debug */,
				DBA61EF326480DDC00F27597 /* Release */,
			);
			defaultConfigurationIsVisible = 0;
			defaultConfigurationName = Release;
		};
/* End XCConfigurationList section */
	};
	rootObject = DBA61EBE26480DD900F27597 /* Project object */;
}
